
Microsoft Visual Studio Solution File, Format Version 12.00
# Visual Studio Version 17
VisualStudioVersion = 17.4.33205.214
MinimumVisualStudioVersion = 10.0.40219.1
Project("{FAE04EC0-301F-11D3-BF4B-00C04F79EFBC}") = "Semana-02-POO", "Semana-02-POO\Semana-02-POO.csproj", "{0071C77E-6634-4A9B-9B79-056557843961}"
EndProject
Global
	GlobalSection(SolutionConfigurationPlatforms) = preSolution
		Debug|Any CPU = Debug|Any CPU
		Release|Any CPU = Release|Any CPU
	EndGlobalSection
	GlobalSection(ProjectConfigurationPlatforms) = postSolution
		{0071C77E-6634-4A9B-9B79-056557843961}.Debug|Any CPU.ActiveCfg = Debug|Any CPU
		{0071C77E-6634-4A9B-9B79-056557843961}.Debug|Any CPU.Build.0 = Debug|Any CPU
		{0071C77E-6634-4A9B-9B79-056557843961}.Release|Any CPU.ActiveCfg = Release|Any CPU
		{0071C77E-6634-4A9B-9B79-056557843961}.Release|Any CPU.Build.0 = Release|Any CPU
	EndGlobalSection
	GlobalSection(SolutionProperties) = preSolution
		HideSolutionNode = FALSE
	EndGlobalSection
	GlobalSection(ExtensibilityGlobals) = postSolution
		SolutionGuid = {98E6AA27-E9D6-4955-9086-604159C28FFE}
	EndGlobalSection
EndGlobal
